
Microsoft Visual Studio Solution File, Format Version 12.00
# Visual Studio Version 17
VisualStudioVersion = 17.14.36616.10 d17.14
MinimumVisualStudioVersion = 10.0.40219.1
Project("{FAE04EC0-301F-11D3-BF4B-00C04F79EFBC}") = "Product_Assignment", "Product_Assignment.csproj", "{88F066C4-BC52-4317-8EB5-0136DEF279B5}"
EndProject
Global
	GlobalSection(SolutionConfigurationPlatforms) = preSolution
		Debug|Any CPU = Debug|Any CPU
		Release|Any CPU = Release|Any CPU
	EndGlobalSection
	GlobalSection(ProjectConfigurationPlatforms) = postSolution
		{88F066C4-BC52-4317-8EB5-0136DEF279B5}.Debug|Any CPU.ActiveCfg = Debug|Any CPU
		{88F066C4-BC52-4317-8EB5-0136DEF279B5}.Debug|Any CPU.Build.0 = Debug|Any CPU
		{88F066C4-BC52-4317-8EB5-0136DEF279B5}.Release|Any CPU.ActiveCfg = Release|Any CPU
		{88F066C4-BC52-4317-8EB5-0136DEF279B5}.Release|Any CPU.Build.0 = Release|Any CPU
	EndGlobalSection
	GlobalSection(SolutionProperties) = preSolution
		HideSolutionNode = FALSE
	EndGlobalSection
	GlobalSection(ExtensibilityGlobals) = postSolution
		SolutionGuid = {BF6C9ED3-2180-42D9-8E3A-4D32BF62B2FB}
	EndGlobalSection
EndGlobal
